Microsoft Visual Studio Solution File, Format Version 12.00
# Visual Studio Version 17
VisualStudioVersion = 17.12.35209.166
MinimumVisualStudioVersion = 10.0.40219.1
Project("{2150E333-8FDC-42A3-9474-1A3956D46DE8}") = "src", "src", "{8F317ED9-358B-44B5-A284-079020837E39}"
EndProject
Project("{2150E333-8FDC-42A3-9474-1A3956D46DE8}") = "Services", "Services", "{4AFDBE5A-3008-4B5E-A4EA-48A21D2B770D}"
EndProject
Project("{2150E333-8FDC-42A3-9474-1A3956D46DE8}") = "Catalog", "Catalog", "{582DE658-7459-4233-BCD1-8F788524B971}"
EndProject
Project("{FAE04EC0-301F-11D3-BF4B-00C04F79EFBC}") = "Catalog.API", "Services\Catalog\Catalog.API\Catalog.API.csproj", "{5A75862F-64F0-4318-836C-B392E13E19A0}"
EndProject
Global
	GlobalSection(SolutionConfigurationPlatforms) = preSolution
		Debug|Any CPU = Debug|Any CPU
		Release|Any CPU = Release|Any CPU
	EndGlobalSection
	GlobalSection(ProjectConfigurationPlatforms) = postSolution
		{5A75862F-64F0-4318-836C-B392E13E19A0}.Debug|Any CPU.ActiveCfg = Debug|Any CPU
		{5A75862F-64F0-4318-836C-B392E13E19A0}.Debug|Any CPU.Build.0 = Debug|Any CPU
		{5A75862F-64F0-4318-836C-B392E13E19A0}.Release|Any CPU.ActiveCfg = Release|Any CPU
		{5A75862F-64F0-4318-836C-B392E13E19A0}.Release|Any CPU.Build.0 = Release|Any CPU
	EndGlobalSection
	GlobalSection(SolutionProperties) = preSolution
		HideSolutionNode = FALSE
	EndGlobalSection
	GlobalSection(NestedProjects) = preSolution
		{4AFDBE5A-3008-4B5E-A4EA-48A21D2B770D} = {8F317ED9-358B-44B5-A284-079020837E39}
		{582DE658-7459-4233-BCD1-8F788524B971} = {4AFDBE5A-3008-4B5E-A4EA-48A21D2B770D}
		{5A75862F-64F0-4318-836C-B392E13E19A0} = {582DE658-7459-4233-BCD1-8F788524B971}
	EndGlobalSection
	GlobalSection(ExtensibilityGlobals) = postSolution
		SolutionGuid = {AD0CF134-A8CC-4F75-A372-40F131AF535E}
	EndGlobalSection
EndGlobal